
Microsoft Visual Studio Solution File, Format Version 12.00
# Visual Studio Version 16
VisualStudioVersion = 16.0.30204.135
MinimumVisualStudioVersion = 10.0.40219.1
Project("{9A19103F-16F7-4668-BE54-9A1E7A4F7556}") = "Training", "Training\Training.csproj", "{72539C4B-3D8C-47AA-9B4E-A061DD3FDCCF}"
EndProject
Project("{9A19103F-16F7-4668-BE54-9A1E7A4F7556}") = "BasicDataTipes", "BasicDataTipes\BasicDataTipes.csproj", "{4B0C0EFA-30DE-498B-9DAB-B20B5A13866D}"
EndProject
Project("{9A19103F-16F7-4668-BE54-9A1E7A4F7556}") = "StringData", "StringData\StringData.csproj", "{7F175843-B475-4A5B-A346-4CC12DC33646}"
EndProject
Project("{9A19103F-16F7-4668-BE54-9A1E7A4F7556}") = "ClassesPartTwo", "ClassesPartTwo\ClassesPartTwo.csproj", "{802E2006-5DB5-4D3C-9455-7474E3FA01DD}"
EndProject
Project("{9A19103F-16F7-4668-BE54-9A1E7A4F7556}") = "AutoProps", "AutoProps\AutoProps.csproj", "{B1B2B2EE-99FC-46D4-BC34-A8C21200FC71}"
EndProject
Project("{9A19103F-16F7-4668-BE54-9A1E7A4F7556}") = "Objectlmtializers", "Objectlmtializers\Objectlmtializers.csproj", "{C9688156-34FF-4AB4-8EC2-1961A9EF8EDE}"
EndProject
Project("{9A19103F-16F7-4668-BE54-9A1E7A4F7556}") = "Training.OOP", "Training.OOP\Training.OOP.csproj", "{08A20DBD-EB1E-488E-9886-291D46A55BE4}"
EndProject
Project("{9A19103F-16F7-4668-BE54-9A1E7A4F7556}") = "Fun with Shapes from lecture", "Fun with Shapes from lecture\Fun with Shapes from lecture.csproj", "{6E5956CE-6713-4623-AAD5-0F09F71EEF01}"
EndProject
Project("{9A19103F-16F7-4668-BE54-9A1E7A4F7556}") = "FunWithInterface", "FunWithInterface\FunWithInterface.csproj", "{D4348550-FA99-4DE6-AEFA-0AC23DDB13D9}"
EndProject
Project("{9A19103F-16F7-4668-BE54-9A1E7A4F7556}") = "FunWithStatic", "FunWithStatic\FunWithStatic.csproj", "{1975D2D5-AD00-4247-8360-E53F52C9E373}"
EndProject
Project("{9A19103F-16F7-4668-BE54-9A1E7A4F7556}") = "FunWithStructures", "FunWithStructures\FunWithStructures.csproj", "{744DADAC-A8DC-4AF3-86C6-7D111B4FC5B5}"
EndProject
Project("{9A19103F-16F7-4668-BE54-9A1E7A4F7556}") = "ValueAndReferenceTypes", "ValueAndReferenceTypes\ValueAndReferenceTypes.csproj", "{81FB12B8-4503-475D-A2B0-FE4CF3CCA01A}"
EndProject
Project("{9A19103F-16F7-4668-BE54-9A1E7A4F7556}") = "FunWithEnums", "FunWithEnums\FunWithEnums.csproj", "{4CEE6675-46BD-458C-9A6C-B3C0E9DE72DB}"
EndProject
Project("{FAE04EC0-301F-11D3-BF4B-00C04F79EFBC}") = "FunWithDynamicAndAnonimus", "FunWithDynamicAndAnonimus\FunWithDynamicAndAnonimus.csproj", "{4BFE12D0-089E-40E8-A2A2-FD2D8EA30E82}"
EndProject
Project("{FAE04EC0-301F-11D3-BF4B-00C04F79EFBC}") = "DynamicKeyword", "DynamicKeyword\DynamicKeyword.csproj", "{95B27E51-2497-4195-A537-2479391687F1}"
EndProject
Global
	GlobalSection(SolutionConfigurationPlatforms) = preSolution
		Debug|Any CPU = Debug|Any CPU
		Release|Any CPU = Release|Any CPU
	EndGlobalSection
	GlobalSection(ProjectConfigurationPlatforms) = postSolution
		{72539C4B-3D8C-47AA-9B4E-A061DD3FDCCF}.Debug|Any CPU.ActiveCfg = Debug|Any CPU
		{72539C4B-3D8C-47AA-9B4E-A061DD3FDCCF}.Debug|Any CPU.Build.0 = Debug|Any CPU
		{72539C4B-3D8C-47AA-9B4E-A061DD3FDCCF}.Release|Any CPU.ActiveCfg = Release|Any CPU
		{72539C4B-3D8C-47AA-9B4E-A061DD3FDCCF}.Release|Any CPU.Build.0 = Release|Any CPU
		{4B0C0EFA-30DE-498B-9DAB-B20B5A13866D}.Debug|Any CPU.ActiveCfg = Debug|Any CPU
		{4B0C0EFA-30DE-498B-9DAB-B20B5A13866D}.Debug|Any CPU.Build.0 = Debug|Any CPU
		{4B0C0EFA-30DE-498B-9DAB-B20B5A13866D}.Release|Any CPU.ActiveCfg = Release|Any CPU
		{4B0C0EFA-30DE-498B-9DAB-B20B5A13866D}.Release|Any CPU.Build.0 = Release|Any CPU
		{7F175843-B475-4A5B-A346-4CC12DC33646}.Debug|Any CPU.ActiveCfg = Debug|Any CPU
		{7F175843-B475-4A5B-A346-4CC12DC33646}.Debug|Any CPU.Build.0 = Debug|Any CPU
		{7F175843-B475-4A5B-A346-4CC12DC33646}.Release|Any CPU.ActiveCfg = Release|Any CPU
		{7F175843-B475-4A5B-A346-4CC12DC33646}.Release|Any CPU.Build.0 = Release|Any CPU
		{802E2006-5DB5-4D3C-9455-7474E3FA01DD}.Debug|Any CPU.ActiveCfg = Debug|Any CPU
		{802E2006-5DB5-4D3C-9455-7474E3FA01DD}.Debug|Any CPU.Build.0 = Debug|Any CPU
		{802E2006-5DB5-4D3C-9455-7474E3FA01DD}.Release|Any CPU.ActiveCfg = Release|Any CPU
		{802E2006-5DB5-4D3C-9455-7474E3FA01DD}.Release|Any CPU.Build.0 = Release|Any CPU
		{B1B2B2EE-99FC-46D4-BC34-A8C21200FC71}.Debug|Any CPU.ActiveCfg = Debug|Any CPU
		{B1B2B2EE-99FC-46D4-BC34-A8C21200FC71}.Debug|Any CPU.Build.0 = Debug|Any CPU
		{B1B2B2EE-99FC-46D4-BC34-A8C21200FC71}.Release|Any CPU.ActiveCfg = Release|Any CPU
		{B1B2B2EE-99FC-46D4-BC34-A8C21200FC71}.Release|Any CPU.Build.0 = Release|Any CPU
		{C9688156-34FF-4AB4-8EC2-1961A9EF8EDE}.Debug|Any CPU.ActiveCfg = Debug|Any CPU
		{C9688156-34FF-4AB4-8EC2-1961A9EF8EDE}.Debug|Any CPU.Build.0 = Debug|Any CPU
		{C9688156-34FF-4AB4-8EC2-1961A9EF8EDE}.Release|Any CPU.ActiveCfg = Release|Any CPU
		{C9688156-34FF-4AB4-8EC2-1961A9EF8EDE}.Release|Any CPU.Build.0 = Release|Any CPU
		{08A20DBD-EB1E-488E-9886-291D46A55BE4}.Debug|Any CPU.ActiveCfg = Debug|Any CPU
		{08A20DBD-EB1E-488E-9886-291D46A55BE4}.Debug|Any CPU.Build.0 = Debug|Any CPU
		{08A20DBD-EB1E-488E-9886-291D46A55BE4}.Release|Any CPU.ActiveCfg = Release|Any CPU
		{08A20DBD-EB1E-488E-9886-291D46A55BE4}.Release|Any CPU.Build.0 = Release|Any CPU
		{6E5956CE-6713-4623-AAD5-0F09F71EEF01}.Debug|Any CPU.ActiveCfg = Debug|Any CPU
		{6E5956CE-6713-4623-AAD5-0F09F71EEF01}.Debug|Any CPU.Build.0 = Debug|Any CPU
		{6E5956CE-6713-4623-AAD5-0F09F71EEF01}.Release|Any CPU.ActiveCfg = Release|Any CPU
		{6E5956CE-6713-4623-AAD5-0F09F71EEF01}.Release|Any CPU.Build.0 = Release|Any CPU
		{D4348550-FA99-4DE6-AEFA-0AC23DDB13D9}.Debug|Any CPU.ActiveCfg = Debug|Any CPU
		{D4348550-FA99-4DE6-AEFA-0AC23DDB13D9}.Debug|Any CPU.Build.0 = Debug|Any CPU
		{D4348550-FA99-4DE6-AEFA-0AC23DDB13D9}.Release|Any CPU.ActiveCfg = Release|Any CPU
		{D4348550-FA99-4DE6-AEFA-0AC23DDB13D9}.Release|Any CPU.Build.0 = Release|Any CPU
		{1975D2D5-AD00-4247-8360-E53F52C9E373}.Debug|Any CPU.ActiveCfg = Debug|Any CPU
		{1975D2D5-AD00-4247-8360-E53F52C9E373}.Debug|Any CPU.Build.0 = Debug|Any CPU
		{1975D2D5-AD00-4247-8360-E53F52C9E373}.Release|Any CPU.ActiveCfg = Release|Any CPU
		{1975D2D5-AD00-4247-8360-E53F52C9E373}.Release|Any CPU.Build.0 = Release|Any CPU
		{744DADAC-A8DC-4AF3-86C6-7D111B4FC5B5}.Debug|Any CPU.ActiveCfg = Debug|Any CPU
		{744DADAC-A8DC-4AF3-86C6-7D111B4FC5B5}.Debug|Any CPU.Build.0 = Debug|Any CPU
		{744DADAC-A8DC-4AF3-86C6-7D111B4FC5B5}.Release|Any CPU.ActiveCfg = Release|Any CPU
		{744DADAC-A8DC-4AF3-86C6-7D111B4FC5B5}.Release|Any CPU.Build.0 = Release|Any CPU
		{81FB12B8-4503-475D-A2B0-FE4CF3CCA01A}.Debug|Any CPU.ActiveCfg = Debug|Any CPU
		{81FB12B8-4503-475D-A2B0-FE4CF3CCA01A}.Debug|Any CPU.Build.0 = Debug|Any CPU
		{81FB12B8-4503-475D-A2B0-FE4CF3CCA01A}.Release|Any CPU.ActiveCfg = Release|Any CPU
		{81FB12B8-4503-475D-A2B0-FE4CF3CCA01A}.Release|Any CPU.Build.0 = Release|Any CPU
		{4CEE6675-46BD-458C-9A6C-B3C0E9DE72DB}.Debug|Any CPU.ActiveCfg = Debug|Any CPU
		{4CEE6675-46BD-458C-9A6C-B3C0E9DE72DB}.Debug|Any CPU.Build.0 = Debug|Any CPU
		{4CEE6675-46BD-458C-9A6C-B3C0E9DE72DB}.Release|Any CPU.ActiveCfg = Release|Any CPU
		{4CEE6675-46BD-458C-9A6C-B3C0E9DE72DB}.Release|Any CPU.Build.0 = Release|Any CPU
		{4BFE12D0-089E-40E8-A2A2-FD2D8EA30E82}.Debug|Any CPU.ActiveCfg = Debug|Any CPU
		{4BFE12D0-089E-40E8-A2A2-FD2D8EA30E82}.Debug|Any CPU.Build.0 = Debug|Any CPU
		{4BFE12D0-089E-40E8-A2A2-FD2D8EA30E82}.Release|Any CPU.ActiveCfg = Release|Any CPU
		{4BFE12D0-089E-40E8-A2A2-FD2D8EA30E82}.Release|Any CPU.Build.0 = Release|Any CPU
		{95B27E51-2497-4195-A537-2479391687F1}.Debug|Any CPU.ActiveCfg = Debug|Any CPU
		{95B27E51-2497-4195-A537-2479391687F1}.Debug|Any CPU.Build.0 = Debug|Any CPU
		{95B27E51-2497-4195-A537-2479391687F1}.Release|Any CPU.ActiveCfg = Release|Any CPU
		{95B27E51-2497-4195-A537-2479391687F1}.Release|Any CPU.Build.0 = Release|Any CPU
	EndGlobalSection
	GlobalSection(SolutionProperties) = preSolution
		HideSolutionNode = FALSE
	EndGlobalSection
	GlobalSection(ExtensibilityGlobals) = postSolution
		SolutionGuid = {5C58E6D2-FE71-46DF-8503-7CD0DA8BFF17}
	EndGlobalSection
EndGlobal
